
Microsoft Visual Studio Solution File, Format Version 12.00
Project("{FAE04EC0-301F-11D3-BF4B-00C04F79EFBC}") = "MessengerService", "MessengerService\MessengerService.csproj", "{EB82F195-1B49-4B62-B1FA-FF665BA6DE55}"
EndProject
Project("{FAE04EC0-301F-11D3-BF4B-00C04F79EFBC}") = "MessengerService.Tests", "tests\MessengerService.Tests\MessengerService.Tests.csproj", "{3CBA8604-8602-4C26-B439-67464FCF460B}"
EndProject
Global
	GlobalSection(SolutionConfigurationPlatforms) = preSolution
		Debug|Any CPU = Debug|Any CPU
		Release|Any CPU = Release|Any CPU
	EndGlobalSection
	GlobalSection(ProjectConfigurationPlatforms) = postSolution
		{EB82F195-1B49-4B62-B1FA-FF665BA6DE55}.Debug|Any CPU.ActiveCfg = Debug|Any CPU
		{EB82F195-1B49-4B62-B1FA-FF665BA6DE55}.Debug|Any CPU.Build.0 = Debug|Any CPU
		{EB82F195-1B49-4B62-B1FA-FF665BA6DE55}.Release|Any CPU.ActiveCfg = Release|Any CPU
		{EB82F195-1B49-4B62-B1FA-FF665BA6DE55}.Release|Any CPU.Build.0 = Release|Any CPU
		{3CBA8604-8602-4C26-B439-67464FCF460B}.Debug|Any CPU.ActiveCfg = Debug|Any CPU
		{3CBA8604-8602-4C26-B439-67464FCF460B}.Debug|Any CPU.Build.0 = Debug|Any CPU
		{3CBA8604-8602-4C26-B439-67464FCF460B}.Release|Any CPU.ActiveCfg = Release|Any CPU
		{3CBA8604-8602-4C26-B439-67464FCF460B}.Release|Any CPU.Build.0 = Release|Any CPU
	EndGlobalSection
EndGlobal
